
Microsoft Visual Studio Solution File, Format Version 12.00
# Visual Studio Version 16
VisualStudioVersion = 16.0.30413.136
MinimumVisualStudioVersion = 10.0.40219.1
Project("{FAE04EC0-301F-11D3-BF4B-00C04F79EFBC}") = "ChessersForm", "ChessersForm\ChessersForm.csproj", "{D1DD5C0B-C815-4FB5-970E-3D2F1530934A}"
EndProject
Project("{FAE04EC0-301F-11D3-BF4B-00C04F79EFBC}") = "ChessersLibrary", "ChessersLibrary\ChessersLibrary.csproj", "{C6CD0EC9-BCA1-435B-8CC3-0715A6187A63}"
EndProject
Global
	GlobalSection(SolutionConfigurationPlatforms) = preSolution
		Debug|Any CPU = Debug|Any CPU
		Release|Any CPU = Release|Any CPU
	EndGlobalSection
	GlobalSection(ProjectConfigurationPlatforms) = postSolution
		{D1DD5C0B-C815-4FB5-970E-3D2F1530934A}.Debug|Any CPU.ActiveCfg = Debug|Any CPU
		{D1DD5C0B-C815-4FB5-970E-3D2F1530934A}.Debug|Any CPU.Build.0 = Debug|Any CPU
		{D1DD5C0B-C815-4FB5-970E-3D2F1530934A}.Release|Any CPU.ActiveCfg = Release|Any CPU
		{D1DD5C0B-C815-4FB5-970E-3D2F1530934A}.Release|Any CPU.Build.0 = Release|Any CPU
		{C6CD0EC9-BCA1-435B-8CC3-0715A6187A63}.Debug|Any CPU.ActiveCfg = Debug|Any CPU
		{C6CD0EC9-BCA1-435B-8CC3-0715A6187A63}.Debug|Any CPU.Build.0 = Debug|Any CPU
		{C6CD0EC9-BCA1-435B-8CC3-0715A6187A63}.Release|Any CPU.ActiveCfg = Release|Any CPU
		{C6CD0EC9-BCA1-435B-8CC3-0715A6187A63}.Release|Any CPU.Build.0 = Release|Any CPU
	EndGlobalSection
	GlobalSection(SolutionProperties) = preSolution
		HideSolutionNode = FALSE
	EndGlobalSection
	GlobalSection(ExtensibilityGlobals) = postSolution
		SolutionGuid = {551388DB-0008-4154-8996-1EAE086B8487}
	EndGlobalSection
EndGlobal
